
Microsoft Visual Studio Solution File, Format Version 12.00
# Visual Studio Version 17
VisualStudioVersion = 17.2.32526.322
MinimumVisualStudioVersion = 10.0.40219.1
Project("{FAE04EC0-301F-11D3-BF4B-00C04F79EFBC}") = "CesarMusicEmporium", "CesarMusicEmporium\CesarMusicEmporium.csproj", "{D46F3D3C-70BC-4DDE-84DF-4931D8E8D4D7}"
EndProject
Global
	GlobalSection(SolutionConfigurationPlatforms) = preSolution
		Debug|Any CPU = Debug|Any CPU
		Release|Any CPU = Release|Any CPU
	EndGlobalSection
	GlobalSection(ProjectConfigurationPlatforms) = postSolution
		{D46F3D3C-70BC-4DDE-84DF-4931D8E8D4D7}.Debug|Any CPU.ActiveCfg = Debug|Any CPU
		{D46F3D3C-70BC-4DDE-84DF-4931D8E8D4D7}.Debug|Any CPU.Build.0 = Debug|Any CPU
		{D46F3D3C-70BC-4DDE-84DF-4931D8E8D4D7}.Release|Any CPU.ActiveCfg = Release|Any CPU
		{D46F3D3C-70BC-4DDE-84DF-4931D8E8D4D7}.Release|Any CPU.Build.0 = Release|Any CPU
	EndGlobalSection
	GlobalSection(SolutionProperties) = preSolution
		HideSolutionNode = FALSE
	EndGlobalSection
	GlobalSection(ExtensibilityGlobals) = postSolution
		SolutionGuid = {5A666A8F-AE0A-456C-BE31-11482DBD4DDA}
	EndGlobalSection
EndGlobal
