
Microsoft Visual Studio Solution File, Format Version 12.00
# Visual Studio Version 17
VisualStudioVersion = 17.2.32526.322
MinimumVisualStudioVersion = 10.0.40219.1
Project("{FAE04EC0-301F-11D3-BF4B-00C04F79EFBC}") = "CesarMusicEmporium", "CesarMusicEmporium\CesarMusicEmporium.csproj", "{F15F6F0F-7441-4C90-B0AF-A6B48ABA1DCB}"
EndProject
Global
	GlobalSection(SolutionConfigurationPlatforms) = preSolution
		Debug|Any CPU = Debug|Any CPU
		Release|Any CPU = Release|Any CPU
	EndGlobalSection
	GlobalSection(ProjectConfigurationPlatforms) = postSolution
		{F15F6F0F-7441-4C90-B0AF-A6B48ABA1DCB}.Debug|Any CPU.ActiveCfg = Debug|Any CPU
		{F15F6F0F-7441-4C90-B0AF-A6B48ABA1DCB}.Debug|Any CPU.Build.0 = Debug|Any CPU
		{F15F6F0F-7441-4C90-B0AF-A6B48ABA1DCB}.Release|Any CPU.ActiveCfg = Release|Any CPU
		{F15F6F0F-7441-4C90-B0AF-A6B48ABA1DCB}.Release|Any CPU.Build.0 = Release|Any CPU
	EndGlobalSection
	GlobalSection(SolutionProperties) = preSolution
		HideSolutionNode = FALSE
	EndGlobalSection
	GlobalSection(ExtensibilityGlobals) = postSolution
		SolutionGuid = {3EBD4CDC-3C1F-4496-B306-EF7A9544215D}
	EndGlobalSection
EndGlobal
